
Microsoft Visual Studio Solution File, Format Version 12.00
# Visual Studio Version 17
VisualStudioVersion = 17.4.33213.308
MinimumVisualStudioVersion = 10.0.40219.1
Project("{FAE04EC0-301F-11D3-BF4B-00C04F79EFBC}") = "Aula2", "Aula2\Aula2.csproj", "{0C0325A0-A234-4F4B-B0D1-7E79F9B99416}"
EndProject
Global
	GlobalSection(SolutionConfigurationPlatforms) = preSolution
		Debug|Any CPU = Debug|Any CPU
		Release|Any CPU = Release|Any CPU
	EndGlobalSection
	GlobalSection(ProjectConfigurationPlatforms) = postSolution
		{0C0325A0-A234-4F4B-B0D1-7E79F9B99416}.Debug|Any CPU.ActiveCfg = Debug|Any CPU
		{0C0325A0-A234-4F4B-B0D1-7E79F9B99416}.Debug|Any CPU.Build.0 = Debug|Any CPU
		{0C0325A0-A234-4F4B-B0D1-7E79F9B99416}.Release|Any CPU.ActiveCfg = Release|Any CPU
		{0C0325A0-A234-4F4B-B0D1-7E79F9B99416}.Release|Any CPU.Build.0 = Release|Any CPU
	EndGlobalSection
	GlobalSection(SolutionProperties) = preSolution
		HideSolutionNode = FALSE
	EndGlobalSection
	GlobalSection(ExtensibilityGlobals) = postSolution
		SolutionGuid = {E84199BB-4B1D-4E31-80EF-9F4EBF72EF49}
	EndGlobalSection
EndGlobal
